
Microsoft Visual Studio Solution File, Format Version 12.00
# Visual Studio Version 16
VisualStudioVersion = 16.0.30717.126
MinimumVisualStudioVersion = 10.0.40219.1
Project("{8BC9CEB8-8B4A-11D0-8D11-00A0C91BC942}") = "hello-world", "hello-world\hello-world.vcxproj", "{2D8A2E30-41AD-4413-B3A8-F6139FA55275}"
EndProject
Project("{8BC9CEB8-8B4A-11D0-8D11-00A0C91BC942}") = "BasicIO", "BasicIO\BasicIO.vcxproj", "{E5D89A41-4785-465B-AF65-C03C1E781819}"
EndProject
Project("{8BC9CEB8-8B4A-11D0-8D11-00A0C91BC942}") = "function-basics", "function-basics\function-basics.vcxproj", "{15E60E46-6F57-4107-BE47-B151E19B356C}"
EndProject
Global
	GlobalSection(SolutionConfigurationPlatforms) = preSolution
		Debug|x64 = Debug|x64
		Debug|x86 = Debug|x86
		Release|x64 = Release|x64
		Release|x86 = Release|x86
	EndGlobalSection
	GlobalSection(ProjectConfigurationPlatforms) = postSolution
		{2D8A2E30-41AD-4413-B3A8-F6139FA55275}.Debug|x64.ActiveCfg = Debug|x64
		{2D8A2E30-41AD-4413-B3A8-F6139FA55275}.Debug|x64.Build.0 = Debug|x64
		{2D8A2E30-41AD-4413-B3A8-F6139FA55275}.Debug|x86.ActiveCfg = Debug|Win32
		{2D8A2E30-41AD-4413-B3A8-F6139FA55275}.Debug|x86.Build.0 = Debug|Win32
		{2D8A2E30-41AD-4413-B3A8-F6139FA55275}.Release|x64.ActiveCfg = Release|x64
		{2D8A2E30-41AD-4413-B3A8-F6139FA55275}.Release|x64.Build.0 = Release|x64
		{2D8A2E30-41AD-4413-B3A8-F6139FA55275}.Release|x86.ActiveCfg = Release|Win32
		{2D8A2E30-41AD-4413-B3A8-F6139FA55275}.Release|x86.Build.0 = Release|Win32
		{E5D89A41-4785-465B-AF65-C03C1E781819}.Debug|x64.ActiveCfg = Debug|x64
		{E5D89A41-4785-465B-AF65-C03C1E781819}.Debug|x64.Build.0 = Debug|x64
		{E5D89A41-4785-465B-AF65-C03C1E781819}.Debug|x86.ActiveCfg = Debug|Win32
		{E5D89A41-4785-465B-AF65-C03C1E781819}.Debug|x86.Build.0 = Debug|Win32
		{E5D89A41-4785-465B-AF65-C03C1E781819}.Release|x64.ActiveCfg = Release|x64
		{E5D89A41-4785-465B-AF65-C03C1E781819}.Release|x64.Build.0 = Release|x64
		{E5D89A41-4785-465B-AF65-C03C1E781819}.Release|x86.ActiveCfg = Release|Win32
		{E5D89A41-4785-465B-AF65-C03C1E781819}.Release|x86.Build.0 = Release|Win32
		{15E60E46-6F57-4107-BE47-B151E19B356C}.Debug|x64.ActiveCfg = Debug|x64
		{15E60E46-6F57-4107-BE47-B151E19B356C}.Debug|x64.Build.0 = Debug|x64
		{15E60E46-6F57-4107-BE47-B151E19B356C}.Debug|x86.ActiveCfg = Debug|Win32
		{15E60E46-6F57-4107-BE47-B151E19B356C}.Debug|x86.Build.0 = Debug|Win32
		{15E60E46-6F57-4107-BE47-B151E19B356C}.Release|x64.ActiveCfg = Release|x64
		{15E60E46-6F57-4107-BE47-B151E19B356C}.Release|x64.Build.0 = Release|x64
		{15E60E46-6F57-4107-BE47-B151E19B356C}.Release|x86.ActiveCfg = Release|Win32
		{15E60E46-6F57-4107-BE47-B151E19B356C}.Release|x86.Build.0 = Release|Win32
	EndGlobalSection
	GlobalSection(SolutionProperties) = preSolution
		HideSolutionNode = FALSE
	EndGlobalSection
	GlobalSection(ExtensibilityGlobals) = postSolution
		SolutionGuid = {E9EEFE1A-DCDF-48C3-9CCF-08D4A1F522FF}
	EndGlobalSection
EndGlobal
