
Microsoft Visual Studio Solution File, Format Version 12.00
# Visual Studio Version 16
VisualStudioVersion = 16.0.30717.126
MinimumVisualStudioVersion = 10.0.40219.1
Project("{8BC9CEB8-8B4A-11D0-8D11-00A0C91BC942}") = "03-debugging-basics", "03-debugging-basics\03-debugging-basics.vcxproj", "{D9B96E7B-2B7A-486B-A0A0-F404D88AA0EC}"
EndProject
Project("{8BC9CEB8-8B4A-11D0-8D11-00A0C91BC942}") = "04-uniform-initialization", "04-uniform-initialization\04-uniform-initialization.vcxproj", "{F20E147F-66DF-44A8-B628-89FD7E450CEE}"
EndProject
Project("{8BC9CEB8-8B4A-11D0-8D11-00A0C91BC942}") = "05-pointers", "05-pointers\05-pointers.vcxproj", "{7B4D3A8D-DCFA-4929-BCE6-9B20F3DBD381}"
EndProject
Project("{8BC9CEB8-8B4A-11D0-8D11-00A0C91BC942}") = "06-reference", "06-reference\06-reference.vcxproj", "{C4FDA6DE-CEB1-4E13-9A35-1BDBEB7B6CD6}"
EndProject
Project("{8BC9CEB8-8B4A-11D0-8D11-00A0C91BC942}") = "07-reference-vs-pointer", "07-reference-vs-pointer\07-reference-vs-pointer.vcxproj", "{081F0E5D-7DAF-4CA3-9D3E-7182A67D93A1}"
EndProject
Project("{8BC9CEB8-8B4A-11D0-8D11-00A0C91BC942}") = "00-hello-world", "00-hello-world\hello-world.vcxproj", "{2D8A2E30-41AD-4413-B3A8-F6139FA55275}"
EndProject
Project("{8BC9CEB8-8B4A-11D0-8D11-00A0C91BC942}") = "02-function-basics", "01- function-basics\function-basics.vcxproj", "{15E60E46-6F57-4107-BE47-B151E19B356C}"
EndProject
Project("{8BC9CEB8-8B4A-11D0-8D11-00A0C91BC942}") = "01-BasicIO", "02-BasicIO\BasicIO.vcxproj", "{E5D89A41-4785-465B-AF65-C03C1E781819}"
EndProject
Project("{8BC9CEB8-8B4A-11D0-8D11-00A0C91BC942}") = "08-const-qualifier", "08-const-qualifier\08-const-qualifier.vcxproj", "{5DD2BBF8-DF8A-4906-9B7E-E5A8FD999FDC}"
EndProject
Project("{8BC9CEB8-8B4A-11D0-8D11-00A0C91BC942}") = "09-function-overloading", "09-function-overloading\09-function-overloading.vcxproj", "{96CCB4B4-F07E-48FE-BE93-E86D0F10B3E3}"
EndProject
Global
	GlobalSection(SolutionConfigurationPlatforms) = preSolution
		Debug|x64 = Debug|x64
		Debug|x86 = Debug|x86
		Release|x64 = Release|x64
		Release|x86 = Release|x86
	EndGlobalSection
	GlobalSection(ProjectConfigurationPlatforms) = postSolution
		{D9B96E7B-2B7A-486B-A0A0-F404D88AA0EC}.Debug|x64.ActiveCfg = Debug|x64
		{D9B96E7B-2B7A-486B-A0A0-F404D88AA0EC}.Debug|x64.Build.0 = Debug|x64
		{D9B96E7B-2B7A-486B-A0A0-F404D88AA0EC}.Debug|x86.ActiveCfg = Debug|Win32
		{D9B96E7B-2B7A-486B-A0A0-F404D88AA0EC}.Debug|x86.Build.0 = Debug|Win32
		{D9B96E7B-2B7A-486B-A0A0-F404D88AA0EC}.Release|x64.ActiveCfg = Release|x64
		{D9B96E7B-2B7A-486B-A0A0-F404D88AA0EC}.Release|x64.Build.0 = Release|x64
		{D9B96E7B-2B7A-486B-A0A0-F404D88AA0EC}.Release|x86.ActiveCfg = Release|Win32
		{D9B96E7B-2B7A-486B-A0A0-F404D88AA0EC}.Release|x86.Build.0 = Release|Win32
		{F20E147F-66DF-44A8-B628-89FD7E450CEE}.Debug|x64.ActiveCfg = Debug|x64
		{F20E147F-66DF-44A8-B628-89FD7E450CEE}.Debug|x64.Build.0 = Debug|x64
		{F20E147F-66DF-44A8-B628-89FD7E450CEE}.Debug|x86.ActiveCfg = Debug|Win32
		{F20E147F-66DF-44A8-B628-89FD7E450CEE}.Debug|x86.Build.0 = Debug|Win32
		{F20E147F-66DF-44A8-B628-89FD7E450CEE}.Release|x64.ActiveCfg = Release|x64
		{F20E147F-66DF-44A8-B628-89FD7E450CEE}.Release|x64.Build.0 = Release|x64
		{F20E147F-66DF-44A8-B628-89FD7E450CEE}.Release|x86.ActiveCfg = Release|Win32
		{F20E147F-66DF-44A8-B628-89FD7E450CEE}.Release|x86.Build.0 = Release|Win32
		{7B4D3A8D-DCFA-4929-BCE6-9B20F3DBD381}.Debug|x64.ActiveCfg = Debug|x64
		{7B4D3A8D-DCFA-4929-BCE6-9B20F3DBD381}.Debug|x64.Build.0 = Debug|x64
		{7B4D3A8D-DCFA-4929-BCE6-9B20F3DBD381}.Debug|x86.ActiveCfg = Debug|Win32
		{7B4D3A8D-DCFA-4929-BCE6-9B20F3DBD381}.Debug|x86.Build.0 = Debug|Win32
		{7B4D3A8D-DCFA-4929-BCE6-9B20F3DBD381}.Release|x64.ActiveCfg = Release|x64
		{7B4D3A8D-DCFA-4929-BCE6-9B20F3DBD381}.Release|x64.Build.0 = Release|x64
		{7B4D3A8D-DCFA-4929-BCE6-9B20F3DBD381}.Release|x86.ActiveCfg = Release|Win32
		{7B4D3A8D-DCFA-4929-BCE6-9B20F3DBD381}.Release|x86.Build.0 = Release|Win32
		{C4FDA6DE-CEB1-4E13-9A35-1BDBEB7B6CD6}.Debug|x64.ActiveCfg = Debug|x64
		{C4FDA6DE-CEB1-4E13-9A35-1BDBEB7B6CD6}.Debug|x64.Build.0 = Debug|x64
		{C4FDA6DE-CEB1-4E13-9A35-1BDBEB7B6CD6}.Debug|x86.ActiveCfg = Debug|Win32
		{C4FDA6DE-CEB1-4E13-9A35-1BDBEB7B6CD6}.Debug|x86.Build.0 = Debug|Win32
		{C4FDA6DE-CEB1-4E13-9A35-1BDBEB7B6CD6}.Release|x64.ActiveCfg = Release|x64
		{C4FDA6DE-CEB1-4E13-9A35-1BDBEB7B6CD6}.Release|x64.Build.0 = Release|x64
		{C4FDA6DE-CEB1-4E13-9A35-1BDBEB7B6CD6}.Release|x86.ActiveCfg = Release|Win32
		{C4FDA6DE-CEB1-4E13-9A35-1BDBEB7B6CD6}.Release|x86.Build.0 = Release|Win32
		{081F0E5D-7DAF-4CA3-9D3E-7182A67D93A1}.Debug|x64.ActiveCfg = Debug|x64
		{081F0E5D-7DAF-4CA3-9D3E-7182A67D93A1}.Debug|x64.Build.0 = Debug|x64
		{081F0E5D-7DAF-4CA3-9D3E-7182A67D93A1}.Debug|x86.ActiveCfg = Debug|Win32
		{081F0E5D-7DAF-4CA3-9D3E-7182A67D93A1}.Debug|x86.Build.0 = Debug|Win32
		{081F0E5D-7DAF-4CA3-9D3E-7182A67D93A1}.Release|x64.ActiveCfg = Release|x64
		{081F0E5D-7DAF-4CA3-9D3E-7182A67D93A1}.Release|x64.Build.0 = Release|x64
		{081F0E5D-7DAF-4CA3-9D3E-7182A67D93A1}.Release|x86.ActiveCfg = Release|Win32
		{081F0E5D-7DAF-4CA3-9D3E-7182A67D93A1}.Release|x86.Build.0 = Release|Win32
		{2D8A2E30-41AD-4413-B3A8-F6139FA55275}.Debug|x64.ActiveCfg = Debug|x64
		{2D8A2E30-41AD-4413-B3A8-F6139FA55275}.Debug|x64.Build.0 = Debug|x64
		{2D8A2E30-41AD-4413-B3A8-F6139FA55275}.Debug|x86.ActiveCfg = Debug|Win32
		{2D8A2E30-41AD-4413-B3A8-F6139FA55275}.Debug|x86.Build.0 = Debug|Win32
		{2D8A2E30-41AD-4413-B3A8-F6139FA55275}.Release|x64.ActiveCfg = Release|x64
		{2D8A2E30-41AD-4413-B3A8-F6139FA55275}.Release|x64.Build.0 = Release|x64
		{2D8A2E30-41AD-4413-B3A8-F6139FA55275}.Release|x86.ActiveCfg = Release|Win32
		{2D8A2E30-41AD-4413-B3A8-F6139FA55275}.Release|x86.Build.0 = Release|Win32
		{15E60E46-6F57-4107-BE47-B151E19B356C}.Debug|x64.ActiveCfg = Debug|x64
		{15E60E46-6F57-4107-BE47-B151E19B356C}.Debug|x64.Build.0 = Debug|x64
		{15E60E46-6F57-4107-BE47-B151E19B356C}.Debug|x86.ActiveCfg = Debug|Win32
		{15E60E46-6F57-4107-BE47-B151E19B356C}.Debug|x86.Build.0 = Debug|Win32
		{15E60E46-6F57-4107-BE47-B151E19B356C}.Release|x64.ActiveCfg = Release|x64
		{15E60E46-6F57-4107-BE47-B151E19B356C}.Release|x64.Build.0 = Release|x64
		{15E60E46-6F57-4107-BE47-B151E19B356C}.Release|x86.ActiveCfg = Release|Win32
		{15E60E46-6F57-4107-BE47-B151E19B356C}.Release|x86.Build.0 = Release|Win32
		{E5D89A41-4785-465B-AF65-C03C1E781819}.Debug|x64.ActiveCfg = Debug|x64
		{E5D89A41-4785-465B-AF65-C03C1E781819}.Debug|x64.Build.0 = Debug|x64
		{E5D89A41-4785-465B-AF65-C03C1E781819}.Debug|x86.ActiveCfg = Debug|Win32
		{E5D89A41-4785-465B-AF65-C03C1E781819}.Debug|x86.Build.0 = Debug|Win32
		{E5D89A41-4785-465B-AF65-C03C1E781819}.Release|x64.ActiveCfg = Release|x64
		{E5D89A41-4785-465B-AF65-C03C1E781819}.Release|x64.Build.0 = Release|x64
		{E5D89A41-4785-465B-AF65-C03C1E781819}.Release|x86.ActiveCfg = Release|Win32
		{E5D89A41-4785-465B-AF65-C03C1E781819}.Release|x86.Build.0 = Release|Win32
		{5DD2BBF8-DF8A-4906-9B7E-E5A8FD999FDC}.Debug|x64.ActiveCfg = Debug|x64
		{5DD2BBF8-DF8A-4906-9B7E-E5A8FD999FDC}.Debug|x64.Build.0 = Debug|x64
		{5DD2BBF8-DF8A-4906-9B7E-E5A8FD999FDC}.Debug|x86.ActiveCfg = Debug|Win32
		{5DD2BBF8-DF8A-4906-9B7E-E5A8FD999FDC}.Debug|x86.Build.0 = Debug|Win32
		{5DD2BBF8-DF8A-4906-9B7E-E5A8FD999FDC}.Release|x64.ActiveCfg = Release|x64
		{5DD2BBF8-DF8A-4906-9B7E-E5A8FD999FDC}.Release|x64.Build.0 = Release|x64
		{5DD2BBF8-DF8A-4906-9B7E-E5A8FD999FDC}.Release|x86.ActiveCfg = Release|Win32
		{5DD2BBF8-DF8A-4906-9B7E-E5A8FD999FDC}.Release|x86.Build.0 = Release|Win32
		{96CCB4B4-F07E-48FE-BE93-E86D0F10B3E3}.Debug|x64.ActiveCfg = Debug|x64
		{96CCB4B4-F07E-48FE-BE93-E86D0F10B3E3}.Debug|x64.Build.0 = Debug|x64
		{96CCB4B4-F07E-48FE-BE93-E86D0F10B3E3}.Debug|x86.ActiveCfg = Debug|Win32
		{96CCB4B4-F07E-48FE-BE93-E86D0F10B3E3}.Debug|x86.Build.0 = Debug|Win32
		{96CCB4B4-F07E-48FE-BE93-E86D0F10B3E3}.Release|x64.ActiveCfg = Release|x64
		{96CCB4B4-F07E-48FE-BE93-E86D0F10B3E3}.Release|x64.Build.0 = Release|x64
		{96CCB4B4-F07E-48FE-BE93-E86D0F10B3E3}.Release|x86.ActiveCfg = Release|Win32
		{96CCB4B4-F07E-48FE-BE93-E86D0F10B3E3}.Release|x86.Build.0 = Release|Win32
	EndGlobalSection
	GlobalSection(SolutionProperties) = preSolution
		HideSolutionNode = FALSE
	EndGlobalSection
	GlobalSection(ExtensibilityGlobals) = postSolution
		SolutionGuid = {E9EEFE1A-DCDF-48C3-9CCF-08D4A1F522FF}
	EndGlobalSection
EndGlobal
